// !$*UTF8*$!
{
	archiveVersion = 1;
	classes = {
	};
	objectVersion = 55;
	objects = {

/* Begin PBXBuildFile section */
		503DC61727DD968D004FB242 /* swiftui_tutorialApp.swift in Sources */ = {isa = PBXBuildFile; fileRef = 503DC61627DD968D004FB242 /* swiftui_tutorialApp.swift */; };
		503DC61927DD968D004FB242 /* ContentView.swift in Sources */ = {isa = PBXBuildFile; fileRef = 503DC61827DD968D004FB242 /* ContentView.swift */; };
		503DC61B27DD968F004FB242 /* Assets.xcassets in Resources */ = {isa = PBXBuildFile; fileRef = 503DC61A27DD968F004FB242 /* Assets.xcassets */; };
		503DC61E27DD968F004FB242 /* Preview Assets.xcassets in Resources */ = {isa = PBXBuildFile; fileRef = 503DC61D27DD968F004FB242 /* Preview Assets.xcassets */; };
		503DC62527DD9847004FB242 /* CircleImage.swift in Sources */ = {isa = PBXBuildFile; fileRef = 503DC62427DD9847004FB242 /* CircleImage.swift */; };
		503DC62727DD9E34004FB242 /* MapView.swift in Sources */ = {isa = PBXBuildFile; fileRef = 503DC62627DD9E34004FB242 /* MapView.swift */; };
		503DC62927DDA238004FB242 /* BuildingListsAndNavigation in Resources */ = {isa = PBXBuildFile; fileRef = 503DC62827DDA238004FB242 /* BuildingListsAndNavigation */; };
		503DC62B27DDA25D004FB242 /* landmarkData.json in Resources */ = {isa = PBXBuildFile; fileRef = 503DC62A27DDA25D004FB242 /* landmarkData.json */; };
		503DC62D27DDA27D004FB242 /* Landmark.swift in Sources */ = {isa = PBXBuildFile; fileRef = 503DC62C27DDA27D004FB242 /* Landmark.swift */; };
		503DC62F27DDA417004FB242 /* ModelData.swift in Sources */ = {isa = PBXBuildFile; fileRef = 503DC62E27DDA417004FB242 /* ModelData.swift */; };
		503DC63427DDA552004FB242 /* LandmarkRow.swift in Sources */ = {isa = PBXBuildFile; fileRef = 503DC63327DDA552004FB242 /* LandmarkRow.swift */; };
		503DC63627DDA99E004FB242 /* LandmarkList.swift in Sources */ = {isa = PBXBuildFile; fileRef = 503DC63527DDA99E004FB242 /* LandmarkList.swift */; };
		503DC63827DDEEB7004FB242 /* LandmarkDetail.swift in Sources */ = {isa = PBXBuildFile; fileRef = 503DC63727DDEEB7004FB242 /* LandmarkDetail.swift */; };
		50BB424B27E087A800E23975 /* FavoriteButton.swift in Sources */ = {isa = PBXBuildFile; fileRef = 50BB424A27E087A800E23975 /* FavoriteButton.swift */; };
/* End PBXBuildFile section */

/* Begin PBXFileReference section */
		503DC61327DD968D004FB242 /* swiftui-tutorial.app */ = {isa = PBXFileReference; explicitFileType = wrapper.application; includeInIndex = 0; path = "swiftui-tutorial.app"; sourceTree = BUILT_PRODUCTS_DIR; };
		503DC61627DD968D004FB242 /* swiftui_tutorialApp.swift */ = {isa = PBXFileReference; lastKnownFileType = sourcecode.swift; path = swiftui_tutorialApp.swift; sourceTree = "<group>"; };
		503DC61827DD968D004FB242 /* ContentView.swift */ = {isa = PBXFileReference; lastKnownFileType = sourcecode.swift; path = ContentView.swift; sourceTree = "<group>"; };
		503DC61A27DD968F004FB242 /* Assets.xcassets */ = {isa = PBXFileReference; lastKnownFileType = folder.assetcatalog; path = Assets.xcassets; sourceTree = "<group>"; };
		503DC61D27DD968F004FB242 /* Preview Assets.xcassets */ = {isa = PBXFileReference; lastKnownFileType = folder.assetcatalog; path = "Preview Assets.xcassets"; sourceTree = "<group>"; };
		503DC62427DD9847004FB242 /* CircleImage.swift */ = {isa = PBXFileReference; lastKnownFileType = sourcecode.swift; path = CircleImage.swift; sourceTree = "<group>"; };
		503DC62627DD9E34004FB242 /* MapView.swift */ = {isa = PBXFileReference; lastKnownFileType = sourcecode.swift; path = MapView.swift; sourceTree = "<group>"; };
		503DC62827DDA238004FB242 /* BuildingListsAndNavigation */ = {isa = PBXFileReference; lastKnownFileType = folder; name = BuildingListsAndNavigation; path = ../../../Downloads/BuildingListsAndNavigation; sourceTree = "<group>"; };
		503DC62A27DDA25D004FB242 /* landmarkData.json */ = {isa = PBXFileReference; fileEncoding = 4; lastKnownFileType = text.json; path = landmarkData.json; sourceTree = "<group>"; };
		503DC62C27DDA27D004FB242 /* Landmark.swift */ = {isa = PBXFileReference; lastKnownFileType = sourcecode.swift; path = Landmark.swift; sourceTree = "<group>"; };
		503DC62E27DDA417004FB242 /* ModelData.swift */ = {isa = PBXFileReference; lastKnownFileType = sourcecode.swift; path = ModelData.swift; sourceTree = "<group>"; };
		503DC63327DDA552004FB242 /* LandmarkRow.swift */ = {isa = PBXFileReference; lastKnownFileType = sourcecode.swift; path = LandmarkRow.swift; sourceTree = "<group>"; };
		503DC63527DDA99E004FB242 /* LandmarkList.swift */ = {isa = PBXFileReference; lastKnownFileType = sourcecode.swift; path = LandmarkList.swift; sourceTree = "<group>"; };
		503DC63727DDEEB7004FB242 /* LandmarkDetail.swift */ = {isa = PBXFileReference; lastKnownFileType = sourcecode.swift; path = LandmarkDetail.swift; sourceTree = "<group>"; };
		50BB424A27E087A800E23975 /* FavoriteButton.swift */ = {isa = PBXFileReference; lastKnownFileType = sourcecode.swift; path = FavoriteButton.swift; sourceTree = "<group>"; };
/* End PBXFileReference section */

/* Begin PBXFrameworksBuildPhase section */
		503DC61027DD968D004FB242 /* Frameworks */ = {
			isa = PBXFrameworksBuildPhase;
			buildActionMask = 2147483647;
			files = (
			);
			runOnlyForDeploymentPostprocessing = 0;
		};
/* End PBXFrameworksBuildPhase section */

/* Begin PBXGroup section */
		503DC60A27DD968D004FB242 = {
			isa = PBXGroup;
			children = (
				503DC61527DD968D004FB242 /* swiftui-tutorial */,
				503DC61427DD968D004FB242 /* Products */,
			);
			sourceTree = "<group>";
		};
		503DC61427DD968D004FB242 /* Products */ = {
			isa = PBXGroup;
			children = (
				503DC61327DD968D004FB242 /* swiftui-tutorial.app */,
			);
			name = Products;
			sourceTree = "<group>";
		};
		503DC61527DD968D004FB242 /* swiftui-tutorial */ = {
			isa = PBXGroup;
			children = (
				503DC63227DDA525004FB242 /* Views */,
				503DC63027DDA506004FB242 /* Model */,
				503DC62827DDA238004FB242 /* BuildingListsAndNavigation */,
				503DC61627DD968D004FB242 /* swiftui_tutorialApp.swift */,
				503DC62A27DDA25D004FB242 /* landmarkData.json */,
				503DC61A27DD968F004FB242 /* Assets.xcassets */,
				503DC61C27DD968F004FB242 /* Preview Content */,
			);
			path = "swiftui-tutorial";
			sourceTree = "<group>";
		};
		503DC61C27DD968F004FB242 /* Preview Content */ = {
			isa = PBXGroup;
			children = (
				503DC61D27DD968F004FB242 /* Preview Assets.xcassets */,
			);
			path = "Preview Content";
			sourceTree = "<group>";
		};
		503DC63027DDA506004FB242 /* Model */ = {
			isa = PBXGroup;
			children = (
				503DC62E27DDA417004FB242 /* ModelData.swift */,
				503DC62C27DDA27D004FB242 /* Landmark.swift */,
			);
			path = Model;
			sourceTree = "<group>";
		};
		503DC63227DDA525004FB242 /* Views */ = {
			isa = PBXGroup;
			children = (
				503DC61827DD968D004FB242 /* ContentView.swift */,
				50BB424D27E088CD00E23975 /* Helpers */,
				50BB424C27E088C200E23975 /* Landmarks */,
			);
			path = Views;
			sourceTree = "<group>";
		};
		50BB424C27E088C200E23975 /* Landmarks */ = {
			isa = PBXGroup;
			children = (
				503DC63527DDA99E004FB242 /* LandmarkList.swift */,
				503DC63727DDEEB7004FB242 /* LandmarkDetail.swift */,
				503DC63327DDA552004FB242 /* LandmarkRow.swift */,
			);
			path = Landmarks;
			sourceTree = "<group>";
		};
		50BB424D27E088CD00E23975 /* Helpers */ = {
			isa = PBXGroup;
			children = (
				503DC62427DD9847004FB242 /* CircleImage.swift */,
				503DC62627DD9E34004FB242 /* MapView.swift */,
				50BB424A27E087A800E23975 /* FavoriteButton.swift */,
			);
			path = Helpers;
			sourceTree = "<group>";
		};
/* End PBXGroup section */

/* Begin PBXNativeTarget section */
		503DC61227DD968D004FB242 /* swiftui-tutorial */ = {
			isa = PBXNativeTarget;
			buildConfigurationList = 503DC62127DD968F004FB242 /* Build configuration list for PBXNativeTarget "swiftui-tutorial" */;
			buildPhases = (
				503DC60F27DD968D004FB242 /* Sources */,
				503DC61027DD968D004FB242 /* Frameworks */,
				503DC61127DD968D004FB242 /* Resources */,
			);
			buildRules = (
			);
			dependencies = (
			);
			name = "swiftui-tutorial";
			productName = "swiftui-tutorial";
			productReference = 503DC61327DD968D004FB242 /* swiftui-tutorial.app */;
			productType = "com.apple.product-type.application";
		};
/* End PBXNativeTarget section */

/* Begin PBXProject section */
		503DC60B27DD968D004FB242 /* Project object */ = {
			isa = PBXProject;
			attributes = {
				BuildIndependentTargetsInParallel = 1;
				LastSwiftUpdateCheck = 1320;
				LastUpgradeCheck = 1320;
				TargetAttributes = {
					503DC61227DD968D004FB242 = {
						CreatedOnToolsVersion = 13.2.1;
					};
				};
			};
			buildConfigurationList = 503DC60E27DD968D004FB242 /* Build configuration list for PBXProject "swiftui-tutorial" */;
			compatibilityVersion = "Xcode 13.0";
			developmentRegion = en;
			hasScannedForEncodings = 0;
			knownRegions = (
				en,
				Base,
			);
			mainGroup = 503DC60A27DD968D004FB242;
			productRefGroup = 503DC61427DD968D004FB242 /* Products */;
			projectDirPath = "";
			projectRoot = "";
			targets = (
				503DC61227DD968D004FB242 /* swiftui-tutorial */,
			);
		};
/* End PBXProject section */

/* Begin PBXResourcesBuildPhase section */
		503DC61127DD968D004FB242 /* Resources */ = {
			isa = PBXResourcesBuildPhase;
			buildActionMask = 2147483647;
			files = (
				503DC61E27DD968F004FB242 /* Preview Assets.xcassets in Resources */,
				503DC62B27DDA25D004FB242 /* landmarkData.json in Resources */,
				503DC62927DDA238004FB242 /* BuildingListsAndNavigation in Resources */,
				503DC61B27DD968F004FB242 /* Assets.xcassets in Resources */,
			);
			runOnlyForDeploymentPostprocessing = 0;
		};
/* End PBXResourcesBuildPhase section */

/* Begin PBXSourcesBuildPhase section */
		503DC60F27DD968D004FB242 /* Sources */ = {
			isa = PBXSourcesBuildPhase;
			buildActionMask = 2147483647;
			files = (
				503DC61927DD968D004FB242 /* ContentView.swift in Sources */,
				503DC62727DD9E34004FB242 /* MapView.swift in Sources */,
				503DC61727DD968D004FB242 /* swiftui_tutorialApp.swift in Sources */,
				50BB424B27E087A800E23975 /* FavoriteButton.swift in Sources */,
				503DC63627DDA99E004FB242 /* LandmarkList.swift in Sources */,
				503DC63827DDEEB7004FB242 /* LandmarkDetail.swift in Sources */,
				503DC62527DD9847004FB242 /* CircleImage.swift in Sources */,
				503DC62D27DDA27D004FB242 /* Landmark.swift in Sources */,
				503DC63427DDA552004FB242 /* LandmarkRow.swift in Sources */,
				503DC62F27DDA417004FB242 /* ModelData.swift in Sources */,
			);
			runOnlyForDeploymentPostprocessing = 0;
		};
/* End PBXSourcesBuildPhase section */

/* Begin XCBuildConfiguration section */
		503DC61F27DD968F004FB242 /* Debug */ = {
			isa = XCBuildConfiguration;
			buildSettings = {
				ALWAYS_SEARCH_USER_PATHS = NO;
				CLANG_ANALYZER_NONNULL = YES;
				CLANG_ANALYZER_NUMBER_OBJECT_CONVERSION = YES_AGGRESSIVE;
				CLANG_CXX_LANGUAGE_STANDARD = "gnu++17";
				CLANG_CXX_LIBRARY = "libc++";
				CLANG_ENABLE_MODULES = YES;
				CLANG_ENABLE_OBJC_ARC = YES;
				CLANG_ENABLE_OBJC_WEAK = YES;
				CLANG_WARN_BLOCK_CAPTURE_AUTORELEASING = YES;
				CLANG_WARN_BOOL_CONVERSION = YES;
				CLANG_WARN_COMMA = YES;
				CLANG_WARN_CONSTANT_CONVERSION = YES;
				CLANG_WARN_DEPRECATED_OBJC_IMPLEMENTATIONS = YES;
				CLANG_WARN_DIRECT_OBJC_ISA_USAGE = YES_ERROR;
				CLANG_WARN_DOCUMENTATION_COMMENTS = YES;
				CLANG_WARN_EMPTY_BODY = YES;
				CLANG_WARN_ENUM_CONVERSION = YES;
				CLANG_WARN_INFINITE_RECURSION = YES;
				CLANG_WARN_INT_CONVERSION = YES;
				CLANG_WARN_NON_LITERAL_NULL_CONVERSION = YES;
				CLANG_WARN_OBJC_IMPLICIT_RETAIN_SELF = YES;
				CLANG_WARN_OBJC_LITERAL_CONVERSION = YES;
				CLANG_WARN_OBJC_ROOT_CLASS = YES_ERROR;
				CLANG_WARN_QUOTED_INCLUDE_IN_FRAMEWORK_HEADER = YES;
				CLANG_WARN_RANGE_LOOP_ANALYSIS = YES;
				CLANG_WARN_STRICT_PROTOTYPES = YES;
				CLANG_WARN_SUSPICIOUS_MOVE = YES;
				CLANG_WARN_UNGUARDED_AVAILABILITY = YES_AGGRESSIVE;
				CLANG_WARN_UNREACHABLE_CODE = YES;
				CLANG_WARN__DUPLICATE_METHOD_MATCH = YES;
				COPY_PHASE_STRIP = NO;
				DEBUG_INFORMATION_FORMAT = dwarf;
				ENABLE_STRICT_OBJC_MSGSEND = YES;
				ENABLE_TESTABILITY = YES;
				GCC_C_LANGUAGE_STANDARD = gnu11;
				GCC_DYNAMIC_NO_PIC = NO;
				GCC_NO_COMMON_BLOCKS = YES;
				GCC_OPTIMIZATION_LEVEL = 0;
				GCC_PREPROCESSOR_DEFINITIONS = (
					"DEBUG=1",
					"$(inherited)",
				);
				GCC_WARN_64_TO_32_BIT_CONVERSION = YES;
				GCC_WARN_ABOUT_RETURN_TYPE = YES_ERROR;
				GCC_WARN_UNDECLARED_SELECTOR = YES;
				GCC_WARN_UNINITIALIZED_AUTOS = YES_AGGRESSIVE;
				GCC_WARN_UNUSED_FUNCTION = YES;
				GCC_WARN_UNUSED_VARIABLE = YES;
				IPHONEOS_DEPLOYMENT_TARGET = 15.2;
				MTL_ENABLE_DEBUG_INFO = INCLUDE_SOURCE;
				MTL_FAST_MATH = YES;
				ONLY_ACTIVE_ARCH = YES;
				SDKROOT = iphoneos;
				SWIFT_ACTIVE_COMPILATION_CONDITIONS = DEBUG;
				SWIFT_OPTIMIZATION_LEVEL = "-Onone";
			};
			name = Debug;
		};
		503DC62027DD968F004FB242 /* Release */ = {
			isa = XCBuildConfiguration;
			buildSettings = {
				ALWAYS_SEARCH_USER_PATHS = NO;
				CLANG_ANALYZER_NONNULL = YES;
				CLANG_ANALYZER_NUMBER_OBJECT_CONVERSION = YES_AGGRESSIVE;
				CLANG_CXX_LANGUAGE_STANDARD = "gnu++17";
				CLANG_CXX_LIBRARY = "libc++";
				CLANG_ENABLE_MODULES = YES;
				CLANG_ENABLE_OBJC_ARC = YES;
				CLANG_ENABLE_OBJC_WEAK = YES;
				CLANG_WARN_BLOCK_CAPTURE_AUTORELEASING = YES;
				CLANG_WARN_BOOL_CONVERSION = YES;
				CLANG_WARN_COMMA = YES;
				CLANG_WARN_CONSTANT_CONVERSION = YES;
				CLANG_WARN_DEPRECATED_OBJC_IMPLEMENTATIONS = YES;
				CLANG_WARN_DIRECT_OBJC_ISA_USAGE = YES_ERROR;
				CLANG_WARN_DOCUMENTATION_COMMENTS = YES;
				CLANG_WARN_EMPTY_BODY = YES;
				CLANG_WARN_ENUM_CONVERSION = YES;
				CLANG_WARN_INFINITE_RECURSION = YES;
				CLANG_WARN_INT_CONVERSION = YES;
				CLANG_WARN_NON_LITERAL_NULL_CONVERSION = YES;
				CLANG_WARN_OBJC_IMPLICIT_RETAIN_SELF = YES;
				CLANG_WARN_OBJC_LITERAL_CONVERSION = YES;
				CLANG_WARN_OBJC_ROOT_CLASS = YES_ERROR;
				CLANG_WARN_QUOTED_INCLUDE_IN_FRAMEWORK_HEADER = YES;
				CLANG_WARN_RANGE_LOOP_ANALYSIS = YES;
				CLANG_WARN_STRICT_PROTOTYPES = YES;
				CLANG_WARN_SUSPICIOUS_MOVE = YES;
				CLANG_WARN_UNGUARDED_AVAILABILITY = YES_AGGRESSIVE;
				CLANG_WARN_UNREACHABLE_CODE = YES;
				CLANG_WARN__DUPLICATE_METHOD_MATCH = YES;
				COPY_PHASE_STRIP = NO;
				DEBUG_INFORMATION_FORMAT = "dwarf-with-dsym";
				ENABLE_NS_ASSERTIONS = NO;
				ENABLE_STRICT_OBJC_MSGSEND = YES;
				GCC_C_LANGUAGE_STANDARD = gnu11;
				GCC_NO_COMMON_BLOCKS = YES;
				GCC_WARN_64_TO_32_BIT_CONVERSION = YES;
				GCC_WARN_ABOUT_RETURN_TYPE = YES_ERROR;
				GCC_WARN_UNDECLARED_SELECTOR = YES;
				GCC_WARN_UNINITIALIZED_AUTOS = YES_AGGRESSIVE;
				GCC_WARN_UNUSED_FUNCTION = YES;
				GCC_WARN_UNUSED_VARIABLE = YES;
				IPHONEOS_DEPLOYMENT_TARGET = 15.2;
				MTL_ENABLE_DEBUG_INFO = NO;
				MTL_FAST_MATH = YES;
				SDKROOT = iphoneos;
				SWIFT_COMPILATION_MODE = wholemodule;
				SWIFT_OPTIMIZATION_LEVEL = "-O";
				VALIDATE_PRODUCT = YES;
			};
			name = Release;
		};
		503DC62227DD968F004FB242 /* Debug */ = {
			isa = XCBuildConfiguration;
			buildSettings = {
				ASSETCATALOG_COMPILER_APPICON_NAME = AppIcon;
				ASSETCATALOG_COMPILER_GLOBAL_ACCENT_COLOR_NAME = AccentColor;
				CODE_SIGN_STYLE = Automatic;
				CURRENT_PROJECT_VERSION = 1;
				DEVELOPMENT_ASSET_PATHS = "\"swiftui-tutorial/Preview Content\"";
				ENABLE_PREVIEWS = YES;
				GENERATE_INFOPLIST_FILE = YES;
				INFOPLIST_KEY_UIApplicationSceneManifest_Generation = YES;
				INFOPLIST_KEY_UIApplicationSupportsIndirectInputEvents = YES;
				INFOPLIST_KEY_UILaunchScreen_Generation = YES;
				INFOPLIST_KEY_UISupportedInterfaceOrientations_iPad = "UIInterfaceOrientationPortrait UIInterfaceOrientationPortraitUpsideDown UIInterfaceOrientationLandscapeLeft UIInterfaceOrientationLandscapeRight";
				INFOPLIST_KEY_UISupportedInterfaceOrientations_iPhone = "UIInterfaceOrientationPortrait UIInterfaceOrientationLandscapeLeft UIInterfaceOrientationLandscapeRight";
				LD_RUNPATH_SEARCH_PATHS = (
					"$(inherited)",
					"@executable_path/Frameworks",
				);
				MARKETING_VERSION = 1.0;
				PRODUCT_BUNDLE_IDENTIFIER = "shimon.swiftui-tutorial";
				PRODUCT_NAME = "$(TARGET_NAME)";
				SWIFT_EMIT_LOC_STRINGS = YES;
				SWIFT_VERSION = 5.0;
				TARGETED_DEVICE_FAMILY = "1,2";
			};
			name = Debug;
		};
		503DC62327DD968F004FB242 /* Release */ = {
			isa = XCBuildConfiguration;
			buildSettings = {
				ASSETCATALOG_COMPILER_APPICON_NAME = AppIcon;
				ASSETCATALOG_COMPILER_GLOBAL_ACCENT_COLOR_NAME = AccentColor;
				CODE_SIGN_STYLE = Automatic;
				CURRENT_PROJECT_VERSION = 1;
				DEVELOPMENT_ASSET_PATHS = "\"swiftui-tutorial/Preview Content\"";
				ENABLE_PREVIEWS = YES;
				GENERATE_INFOPLIST_FILE = YES;
				INFOPLIST_KEY_UIApplicationSceneManifest_Generation = YES;
				INFOPLIST_KEY_UIApplicationSupportsIndirectInputEvents = YES;
				INFOPLIST_KEY_UILaunchScreen_Generation = YES;
				INFOPLIST_KEY_UISupportedInterfaceOrientations_iPad = "UIInterfaceOrientationPortrait UIInterfaceOrientationPortraitUpsideDown UIInterfaceOrientationLandscapeLeft UIInterfaceOrientationLandscapeRight";
				INFOPLIST_KEY_UISupportedInterfaceOrientations_iPhone = "UIInterfaceOrientationPortrait UIInterfaceOrientationLandscapeLeft UIInterfaceOrientationLandscapeRight";
				LD_RUNPATH_SEARCH_PATHS = (
					"$(inherited)",
					"@executable_path/Frameworks",
				);
				MARKETING_VERSION = 1.0;
				PRODUCT_BUNDLE_IDENTIFIER = "shimon.swiftui-tutorial";
				PRODUCT_NAME = "$(TARGET_NAME)";
				SWIFT_EMIT_LOC_STRINGS = YES;
				SWIFT_VERSION = 5.0;
				TARGETED_DEVICE_FAMILY = "1,2";
			};
			name = Release;
		};
/* End XCBuildConfiguration section */

/* Begin XCConfigurationList section */
		503DC60E27DD968D004FB242 /* Build configuration list for PBXProject "swiftui-tutorial" */ = {
			isa = XCConfigurationList;
			buildConfigurations = (
				503DC61F27DD968F004FB242 /* Debug */,
				503DC62027DD968F004FB242 /* Release */,
			);
			defaultConfigurationIsVisible = 0;
			defaultConfigurationName = Release;
		};
		503DC62127DD968F004FB242 /* Build configuration list for PBXNativeTarget "swiftui-tutorial" */ = {
			isa = XCConfigurationList;
			buildConfigurations = (
				503DC62227DD968F004FB242 /* Debug */,
				503DC62327DD968F004FB242 /* Release */,
			);
			defaultConfigurationIsVisible = 0;
			defaultConfigurationName = Release;
		};
/* End XCConfigurationList section */
	};
	rootObject = 503DC60B27DD968D004FB242 /* Project object */;
}
